
Microsoft Visual Studio Solution File, Format Version 11.00
# Visual Studio 2010
Project("{FAE04EC0-301F-11D3-BF4B-00C04F79EFBC}") = "nTextNetwork.Core", "app\nTextNetwork.Core\nTextNetwork.Core.csproj", "{09A80809-9649-4315-814F-4BD861312B03}"
EndProject
Project("{2150E333-8FDC-42A3-9474-1A3956D46DE8}") = "app", "app", "{E1B5F5D9-66DE-4E78-9FE5-22653919EE81}"
EndProject
Project("{2150E333-8FDC-42A3-9474-1A3956D46DE8}") = "test", "test", "{E0CD1B8E-CBC6-4C80-BB1F-2D8280BFB5C7}"
EndProject
Project("{FAE04EC0-301F-11D3-BF4B-00C04F79EFBC}") = "nTextNetwork.Core.Test", "test\nTextNetwork.Core.Test\nTextNetwork.Core.Test.csproj", "{9E4096AE-7A51-4DC0-ACFE-A574190303DA}"
EndProject
Project("{FAE04EC0-301F-11D3-BF4B-00C04F79EFBC}") = "nTextNetwork.Presentation.Web", "app\nTextNetwork.Presentation.Web\nTextNetwork.Presentation.Web.csproj", "{B0B22575-E0F4-4A5E-9B02-2D735DF43C96}"
EndProject
Project("{FAE04EC0-301F-11D3-BF4B-00C04F79EFBC}") = "nTextNetwork.Integration.Test", "test\nTextNetwork.Integration.Test\nTextNetwork.Integration.Test.csproj", "{DF0C2C2A-858A-4400-A224-83AA9598309B}"
EndProject
Project("{FAE04EC0-301F-11D3-BF4B-00C04F79EFBC}") = "nTextNetwork.Presentation.Web.Test", "test\nTextNetwork.Presentation.Web.Test\nTextNetwork.Presentation.Web.Test.csproj", "{CEAC1C31-C680-4B97-8FCB-489F2F970955}"
EndProject
Project("{FAE04EC0-301F-11D3-BF4B-00C04F79EFBC}") = "nTextNetwork.Lucene", "app\nTextNetwork.Lucene\nTextNetwork.Lucene.csproj", "{E078A7B8-0188-457D-81FC-79A135E8A02C}"
EndProject
Project("{FAE04EC0-301F-11D3-BF4B-00C04F79EFBC}") = "nTextNetwork.Lucene.Test", "test\nTextNetwork.Lucene.Test\nTextNetwork.Lucene.Test.csproj", "{F2692E31-4A3B-4066-8875-577E8943EC61}"
EndProject
Global
	GlobalSection(SolutionConfigurationPlatforms) = preSolution
		Debug|Any CPU = Debug|Any CPU
		Release|Any CPU = Release|Any CPU
	EndGlobalSection
	GlobalSection(ProjectConfigurationPlatforms) = postSolution
		{09A80809-9649-4315-814F-4BD861312B03}.Debug|Any CPU.ActiveCfg = Debug|Any CPU
		{09A80809-9649-4315-814F-4BD861312B03}.Debug|Any CPU.Build.0 = Debug|Any CPU
		{09A80809-9649-4315-814F-4BD861312B03}.Release|Any CPU.ActiveCfg = Release|Any CPU
		{09A80809-9649-4315-814F-4BD861312B03}.Release|Any CPU.Build.0 = Release|Any CPU
		{9E4096AE-7A51-4DC0-ACFE-A574190303DA}.Debug|Any CPU.ActiveCfg = Debug|Any CPU
		{9E4096AE-7A51-4DC0-ACFE-A574190303DA}.Debug|Any CPU.Build.0 = Debug|Any CPU
		{9E4096AE-7A51-4DC0-ACFE-A574190303DA}.Release|Any CPU.ActiveCfg = Release|Any CPU
		{9E4096AE-7A51-4DC0-ACFE-A574190303DA}.Release|Any CPU.Build.0 = Release|Any CPU
		{B0B22575-E0F4-4A5E-9B02-2D735DF43C96}.Debug|Any CPU.ActiveCfg = Debug|Any CPU
		{B0B22575-E0F4-4A5E-9B02-2D735DF43C96}.Debug|Any CPU.Build.0 = Debug|Any CPU
		{B0B22575-E0F4-4A5E-9B02-2D735DF43C96}.Release|Any CPU.ActiveCfg = Release|Any CPU
		{B0B22575-E0F4-4A5E-9B02-2D735DF43C96}.Release|Any CPU.Build.0 = Release|Any CPU
		{DF0C2C2A-858A-4400-A224-83AA9598309B}.Debug|Any CPU.ActiveCfg = Debug|Any CPU
		{DF0C2C2A-858A-4400-A224-83AA9598309B}.Debug|Any CPU.Build.0 = Debug|Any CPU
		{DF0C2C2A-858A-4400-A224-83AA9598309B}.Release|Any CPU.ActiveCfg = Release|Any CPU
		{DF0C2C2A-858A-4400-A224-83AA9598309B}.Release|Any CPU.Build.0 = Release|Any CPU
		{CEAC1C31-C680-4B97-8FCB-489F2F970955}.Debug|Any CPU.ActiveCfg = Debug|Any CPU
		{CEAC1C31-C680-4B97-8FCB-489F2F970955}.Debug|Any CPU.Build.0 = Debug|Any CPU
		{CEAC1C31-C680-4B97-8FCB-489F2F970955}.Release|Any CPU.ActiveCfg = Release|Any CPU
		{CEAC1C31-C680-4B97-8FCB-489F2F970955}.Release|Any CPU.Build.0 = Release|Any CPU
		{E078A7B8-0188-457D-81FC-79A135E8A02C}.Debug|Any CPU.ActiveCfg = Debug|Any CPU
		{E078A7B8-0188-457D-81FC-79A135E8A02C}.Debug|Any CPU.Build.0 = Debug|Any CPU
		{E078A7B8-0188-457D-81FC-79A135E8A02C}.Release|Any CPU.ActiveCfg = Release|Any CPU
		{E078A7B8-0188-457D-81FC-79A135E8A02C}.Release|Any CPU.Build.0 = Release|Any CPU
		{F2692E31-4A3B-4066-8875-577E8943EC61}.Debug|Any CPU.ActiveCfg = Debug|Any CPU
		{F2692E31-4A3B-4066-8875-577E8943EC61}.Debug|Any CPU.Build.0 = Debug|Any CPU
		{F2692E31-4A3B-4066-8875-577E8943EC61}.Release|Any CPU.ActiveCfg = Release|Any CPU
		{F2692E31-4A3B-4066-8875-577E8943EC61}.Release|Any CPU.Build.0 = Release|Any CPU
	EndGlobalSection
	GlobalSection(SolutionProperties) = preSolution
		HideSolutionNode = FALSE
	EndGlobalSection
	GlobalSection(NestedProjects) = preSolution
		{09A80809-9649-4315-814F-4BD861312B03} = {E1B5F5D9-66DE-4E78-9FE5-22653919EE81}
		{B0B22575-E0F4-4A5E-9B02-2D735DF43C96} = {E1B5F5D9-66DE-4E78-9FE5-22653919EE81}
		{E078A7B8-0188-457D-81FC-79A135E8A02C} = {E1B5F5D9-66DE-4E78-9FE5-22653919EE81}
		{9E4096AE-7A51-4DC0-ACFE-A574190303DA} = {E0CD1B8E-CBC6-4C80-BB1F-2D8280BFB5C7}
		{DF0C2C2A-858A-4400-A224-83AA9598309B} = {E0CD1B8E-CBC6-4C80-BB1F-2D8280BFB5C7}
		{CEAC1C31-C680-4B97-8FCB-489F2F970955} = {E0CD1B8E-CBC6-4C80-BB1F-2D8280BFB5C7}
		{F2692E31-4A3B-4066-8875-577E8943EC61} = {E0CD1B8E-CBC6-4C80-BB1F-2D8280BFB5C7}
	EndGlobalSection
EndGlobal
